
Microsoft Visual Studio Solution File, Format Version 11.00
# Visual Studio 2010
Project("{8BC9CEB8-8B4A-11D0-8D11-00A0C91BC942}") = "Driver", "SOURCE\Driver\Driver.vcxproj", "{ABD9D503-5481-47D9-9A41-C0CA037BC4E5}"
EndProject
Project("{8BC9CEB8-8B4A-11D0-8D11-00A0C91BC942}") = "Manager", "SOURCE\Manager\Manager.vcxproj", "{590ADFF0-50A3-42F6-B8E6-334F6BFB23DB}"
EndProject
Project("{8BC9CEB8-8B4A-11D0-8D11-00A0C91BC942}") = "DrvTool", "SOURCE\Tools\DrvTool\DrvTool.vcxproj", "{5850E1DF-338A-4816-977C-16E74CE3A71E}"
EndProject
Project("{8BC9CEB8-8B4A-11D0-8D11-00A0C91BC942}") = "CryptDiskTests", "CryptDiskTests\CryptDiskTests.vcxproj", "{EDF1DDF0-BA55-4536-9B65-0B0AF6F73CF9}"
EndProject
Project("{8BC9CEB8-8B4A-11D0-8D11-00A0C91BC942}") = "ConsoleManager", "ConsoleManager\ConsoleManager.vcxproj", "{A6AEE6EF-F5D6-4946-96DE-AC86CCCCEEBA}"
EndProject
Global
	GlobalSection(SolutionConfigurationPlatforms) = preSolution
		Analyze|Win32 = Analyze|Win32
		Debug|Win32 = Debug|Win32
		Release|Win32 = Release|Win32
	EndGlobalSection
	GlobalSection(ProjectConfigurationPlatforms) = postSolution
		{ABD9D503-5481-47D9-9A41-C0CA037BC4E5}.Analyze|Win32.ActiveCfg = Debug|Win32
		{ABD9D503-5481-47D9-9A41-C0CA037BC4E5}.Analyze|Win32.Build.0 = Debug|Win32
		{ABD9D503-5481-47D9-9A41-C0CA037BC4E5}.Debug|Win32.ActiveCfg = Debug|Win32
		{ABD9D503-5481-47D9-9A41-C0CA037BC4E5}.Debug|Win32.Build.0 = Debug|Win32
		{ABD9D503-5481-47D9-9A41-C0CA037BC4E5}.Release|Win32.ActiveCfg = Release|Win32
		{ABD9D503-5481-47D9-9A41-C0CA037BC4E5}.Release|Win32.Build.0 = Release|Win32
		{590ADFF0-50A3-42F6-B8E6-334F6BFB23DB}.Analyze|Win32.ActiveCfg = Analyze|Win32
		{590ADFF0-50A3-42F6-B8E6-334F6BFB23DB}.Analyze|Win32.Build.0 = Analyze|Win32
		{590ADFF0-50A3-42F6-B8E6-334F6BFB23DB}.Debug|Win32.ActiveCfg = Debug|Win32
		{590ADFF0-50A3-42F6-B8E6-334F6BFB23DB}.Release|Win32.ActiveCfg = Release|Win32
		{590ADFF0-50A3-42F6-B8E6-334F6BFB23DB}.Release|Win32.Build.0 = Release|Win32
		{5850E1DF-338A-4816-977C-16E74CE3A71E}.Analyze|Win32.ActiveCfg = Release|Win32
		{5850E1DF-338A-4816-977C-16E74CE3A71E}.Analyze|Win32.Build.0 = Release|Win32
		{5850E1DF-338A-4816-977C-16E74CE3A71E}.Debug|Win32.ActiveCfg = Debug|Win32
		{5850E1DF-338A-4816-977C-16E74CE3A71E}.Release|Win32.ActiveCfg = Release|Win32
		{5850E1DF-338A-4816-977C-16E74CE3A71E}.Release|Win32.Build.0 = Release|Win32
		{EDF1DDF0-BA55-4536-9B65-0B0AF6F73CF9}.Analyze|Win32.ActiveCfg = Release|Win32
		{EDF1DDF0-BA55-4536-9B65-0B0AF6F73CF9}.Analyze|Win32.Build.0 = Release|Win32
		{EDF1DDF0-BA55-4536-9B65-0B0AF6F73CF9}.Debug|Win32.ActiveCfg = Debug|Win32
		{EDF1DDF0-BA55-4536-9B65-0B0AF6F73CF9}.Debug|Win32.Build.0 = Debug|Win32
		{EDF1DDF0-BA55-4536-9B65-0B0AF6F73CF9}.Release|Win32.ActiveCfg = Release|Win32
		{EDF1DDF0-BA55-4536-9B65-0B0AF6F73CF9}.Release|Win32.Build.0 = Release|Win32
		{A6AEE6EF-F5D6-4946-96DE-AC86CCCCEEBA}.Analyze|Win32.ActiveCfg = Release|Win32
		{A6AEE6EF-F5D6-4946-96DE-AC86CCCCEEBA}.Analyze|Win32.Build.0 = Release|Win32
		{A6AEE6EF-F5D6-4946-96DE-AC86CCCCEEBA}.Debug|Win32.ActiveCfg = Debug|Win32
		{A6AEE6EF-F5D6-4946-96DE-AC86CCCCEEBA}.Debug|Win32.Build.0 = Debug|Win32
		{A6AEE6EF-F5D6-4946-96DE-AC86CCCCEEBA}.Release|Win32.ActiveCfg = Release|Win32
		{A6AEE6EF-F5D6-4946-96DE-AC86CCCCEEBA}.Release|Win32.Build.0 = Release|Win32
	EndGlobalSection
	GlobalSection(SolutionProperties) = preSolution
		HideSolutionNode = FALSE
	EndGlobalSection
	GlobalSection(PowerDesigner) = preSolution
		HasSWS = 1
	EndGlobalSection
EndGlobal
