Microsoft Visual Studio Solution File, Format Version 12.00
# Visual Studio 15
VisualStudioVersion = 15.0.27004.2008
MinimumVisualStudioVersion = 10.0.40219.1
Project("{8BC9CEB8-8B4A-11D0-8D11-00A0C91BC942}") = "DrvTool", "SOURCE\Tools\DrvTool\DrvTool.vcxproj", "{5850E1DF-338A-4816-977C-16E74CE3A71E}"
EndProject
Project("{8BC9CEB8-8B4A-11D0-8D11-00A0C91BC942}") = "CryptDiskTests", "CryptDiskTests\CryptDiskTests.vcxproj", "{EDF1DDF0-BA55-4536-9B65-0B0AF6F73CF9}"
EndProject
Project("{8BC9CEB8-8B4A-11D0-8D11-00A0C91BC942}") = "ConsoleManager", "ConsoleManager\ConsoleManager.vcxproj", "{A6AEE6EF-F5D6-4946-96DE-AC86CCCCEEBA}"
EndProject
Project("{8BC9CEB8-8B4A-11D0-8D11-00A0C91BC942}") = "ManagerNew", "SOURCE\ManagerNew\ManagerNew.vcxproj", "{12DF4807-FBB5-4718-A975-3639BE9C9CCC}"
EndProject
Project("{930C7802-8A8C-48F9-8165-68863BCCD9DD}") = "CryptDiskInstaller", "CryptDiskInstaller\CryptDiskInstaller.wixproj", "{50D68976-D7BC-4206-9A41-34504DBEA6C0}"
EndProject
Project("{2150E333-8FDC-42A3-9474-1A3956D46DE8}") = "Driver", "Driver", "{0E04B6E8-FBB7-4EAD-9769-DDEE881A10B3}"
EndProject
Project("{8BC9CEB8-8B4A-11D0-8D11-00A0C91BC942}") = "CryptDiskDriver", "SOURCE\Driver\CryptDisk40.vcxproj", "{0CA26498-791E-4A65-A453-5786329F6B22}"
EndProject
Project("{8BC9CEB8-8B4A-11D0-8D11-00A0C91BC942}") = "CryptDiskDriver-Package", "SOURCE\Driver\CryptDisk40-Package\CryptDisk40-Package.vcxproj", "{D48182DB-6F88-4AA3-920E-AB21C480F436}"
EndProject
Global
	GlobalSection(SolutionConfigurationPlatforms) = preSolution
		Debug|Win32 = Debug|Win32
		Debug|x64 = Debug|x64
		Release|Win32 = Release|Win32
		Release|x64 = Release|x64
		Win7 Debug|Win32 = Win7 Debug|Win32
		Win7 Debug|x64 = Win7 Debug|x64
		Win7 Release|Win32 = Win7 Release|Win32
		Win7 Release|x64 = Win7 Release|x64
		Win8 Debug|Win32 = Win8 Debug|Win32
		Win8 Debug|x64 = Win8 Debug|x64
		Win8 Release|Win32 = Win8 Release|Win32
		Win8 Release|x64 = Win8 Release|x64
		Win8.1 Debug|Win32 = Win8.1 Debug|Win32
		Win8.1 Debug|x64 = Win8.1 Debug|x64
		Win8.1 Release|Win32 = Win8.1 Release|Win32
		Win8.1 Release|x64 = Win8.1 Release|x64
	EndGlobalSection
	GlobalSection(ProjectConfigurationPlatforms) = postSolution
		{5850E1DF-338A-4816-977C-16E74CE3A71E}.Debug|Win32.ActiveCfg = Debug|Win32
		{5850E1DF-338A-4816-977C-16E74CE3A71E}.Debug|Win32.Build.0 = Debug|Win32
		{5850E1DF-338A-4816-977C-16E74CE3A71E}.Debug|x64.ActiveCfg = Debug|x64
		{5850E1DF-338A-4816-977C-16E74CE3A71E}.Debug|x64.Build.0 = Debug|x64
		{5850E1DF-338A-4816-977C-16E74CE3A71E}.Release|Win32.ActiveCfg = Release|Win32
		{5850E1DF-338A-4816-977C-16E74CE3A71E}.Release|Win32.Build.0 = Release|Win32
		{5850E1DF-338A-4816-977C-16E74CE3A71E}.Release|x64.ActiveCfg = Release|x64
		{5850E1DF-338A-4816-977C-16E74CE3A71E}.Release|x64.Build.0 = Release|x64
		{5850E1DF-338A-4816-977C-16E74CE3A71E}.Win7 Debug|Win32.ActiveCfg = Debug|Win32
		{5850E1DF-338A-4816-977C-16E74CE3A71E}.Win7 Debug|Win32.Build.0 = Debug|Win32
		{5850E1DF-338A-4816-977C-16E74CE3A71E}.Win7 Debug|x64.ActiveCfg = Debug|x64
		{5850E1DF-338A-4816-977C-16E74CE3A71E}.Win7 Debug|x64.Build.0 = Debug|x64
		{5850E1DF-338A-4816-977C-16E74CE3A71E}.Win7 Debug|x64.Deploy.0 = Debug|x64
		{5850E1DF-338A-4816-977C-16E74CE3A71E}.Win7 Release|Win32.ActiveCfg = Release|Win32
		{5850E1DF-338A-4816-977C-16E74CE3A71E}.Win7 Release|Win32.Build.0 = Release|Win32
		{5850E1DF-338A-4816-977C-16E74CE3A71E}.Win7 Release|x64.ActiveCfg = Release|x64
		{5850E1DF-338A-4816-977C-16E74CE3A71E}.Win7 Release|x64.Build.0 = Release|x64
		{5850E1DF-338A-4816-977C-16E74CE3A71E}.Win7 Release|x64.Deploy.0 = Release|x64
		{5850E1DF-338A-4816-977C-16E74CE3A71E}.Win8 Debug|Win32.ActiveCfg = Debug|Win32
		{5850E1DF-338A-4816-977C-16E74CE3A71E}.Win8 Debug|Win32.Build.0 = Debug|Win32
		{5850E1DF-338A-4816-977C-16E74CE3A71E}.Win8 Debug|x64.ActiveCfg = Debug|x64
		{5850E1DF-338A-4816-977C-16E74CE3A71E}.Win8 Debug|x64.Build.0 = Debug|x64
		{5850E1DF-338A-4816-977C-16E74CE3A71E}.Win8 Debug|x64.Deploy.0 = Debug|x64
		{5850E1DF-338A-4816-977C-16E74CE3A71E}.Win8 Release|Win32.ActiveCfg = Release|Win32
		{5850E1DF-338A-4816-977C-16E74CE3A71E}.Win8 Release|Win32.Build.0 = Release|Win32
		{5850E1DF-338A-4816-977C-16E74CE3A71E}.Win8 Release|x64.ActiveCfg = Release|x64
		{5850E1DF-338A-4816-977C-16E74CE3A71E}.Win8 Release|x64.Build.0 = Release|x64
		{5850E1DF-338A-4816-977C-16E74CE3A71E}.Win8 Release|x64.Deploy.0 = Release|x64
		{5850E1DF-338A-4816-977C-16E74CE3A71E}.Win8.1 Debug|Win32.ActiveCfg = Debug|Win32
		{5850E1DF-338A-4816-977C-16E74CE3A71E}.Win8.1 Debug|Win32.Build.0 = Debug|Win32
		{5850E1DF-338A-4816-977C-16E74CE3A71E}.Win8.1 Debug|x64.ActiveCfg = Debug|x64
		{5850E1DF-338A-4816-977C-16E74CE3A71E}.Win8.1 Debug|x64.Build.0 = Debug|x64
		{5850E1DF-338A-4816-977C-16E74CE3A71E}.Win8.1 Debug|x64.Deploy.0 = Debug|x64
		{5850E1DF-338A-4816-977C-16E74CE3A71E}.Win8.1 Release|Win32.ActiveCfg = Release|Win32
		{5850E1DF-338A-4816-977C-16E74CE3A71E}.Win8.1 Release|Win32.Build.0 = Release|Win32
		{5850E1DF-338A-4816-977C-16E74CE3A71E}.Win8.1 Release|x64.ActiveCfg = Release|x64
		{5850E1DF-338A-4816-977C-16E74CE3A71E}.Win8.1 Release|x64.Build.0 = Release|x64
		{5850E1DF-338A-4816-977C-16E74CE3A71E}.Win8.1 Release|x64.Deploy.0 = Release|x64
		{EDF1DDF0-BA55-4536-9B65-0B0AF6F73CF9}.Debug|Win32.ActiveCfg = Debug|Win32
		{EDF1DDF0-BA55-4536-9B65-0B0AF6F73CF9}.Debug|Win32.Build.0 = Debug|Win32
		{EDF1DDF0-BA55-4536-9B65-0B0AF6F73CF9}.Debug|x64.ActiveCfg = Debug|x64
		{EDF1DDF0-BA55-4536-9B65-0B0AF6F73CF9}.Debug|x64.Build.0 = Debug|x64
		{EDF1DDF0-BA55-4536-9B65-0B0AF6F73CF9}.Release|Win32.ActiveCfg = Release|Win32
		{EDF1DDF0-BA55-4536-9B65-0B0AF6F73CF9}.Release|Win32.Build.0 = Release|Win32
		{EDF1DDF0-BA55-4536-9B65-0B0AF6F73CF9}.Release|x64.ActiveCfg = Release|x64
		{EDF1DDF0-BA55-4536-9B65-0B0AF6F73CF9}.Release|x64.Build.0 = Release|x64
		{EDF1DDF0-BA55-4536-9B65-0B0AF6F73CF9}.Win7 Debug|Win32.ActiveCfg = Debug|Win32
		{EDF1DDF0-BA55-4536-9B65-0B0AF6F73CF9}.Win7 Debug|Win32.Build.0 = Debug|Win32
		{EDF1DDF0-BA55-4536-9B65-0B0AF6F73CF9}.Win7 Debug|x64.ActiveCfg = Debug|x64
		{EDF1DDF0-BA55-4536-9B65-0B0AF6F73CF9}.Win7 Debug|x64.Build.0 = Debug|x64
		{EDF1DDF0-BA55-4536-9B65-0B0AF6F73CF9}.Win7 Debug|x64.Deploy.0 = Debug|x64
		{EDF1DDF0-BA55-4536-9B65-0B0AF6F73CF9}.Win7 Release|Win32.ActiveCfg = Release|Win32
		{EDF1DDF0-BA55-4536-9B65-0B0AF6F73CF9}.Win7 Release|Win32.Build.0 = Release|Win32
		{EDF1DDF0-BA55-4536-9B65-0B0AF6F73CF9}.Win7 Release|x64.ActiveCfg = Release|x64
		{EDF1DDF0-BA55-4536-9B65-0B0AF6F73CF9}.Win7 Release|x64.Build.0 = Release|x64
		{EDF1DDF0-BA55-4536-9B65-0B0AF6F73CF9}.Win7 Release|x64.Deploy.0 = Release|x64
		{EDF1DDF0-BA55-4536-9B65-0B0AF6F73CF9}.Win8 Debug|Win32.ActiveCfg = Debug|Win32
		{EDF1DDF0-BA55-4536-9B65-0B0AF6F73CF9}.Win8 Debug|Win32.Build.0 = Debug|Win32
		{EDF1DDF0-BA55-4536-9B65-0B0AF6F73CF9}.Win8 Debug|x64.ActiveCfg = Debug|x64
		{EDF1DDF0-BA55-4536-9B65-0B0AF6F73CF9}.Win8 Debug|x64.Build.0 = Debug|x64
		{EDF1DDF0-BA55-4536-9B65-0B0AF6F73CF9}.Win8 Debug|x64.Deploy.0 = Debug|x64
		{EDF1DDF0-BA55-4536-9B65-0B0AF6F73CF9}.Win8 Release|Win32.ActiveCfg = Release|Win32
		{EDF1DDF0-BA55-4536-9B65-0B0AF6F73CF9}.Win8 Release|Win32.Build.0 = Release|Win32
		{EDF1DDF0-BA55-4536-9B65-0B0AF6F73CF9}.Win8 Release|x64.ActiveCfg = Release|x64
		{EDF1DDF0-BA55-4536-9B65-0B0AF6F73CF9}.Win8 Release|x64.Build.0 = Release|x64
		{EDF1DDF0-BA55-4536-9B65-0B0AF6F73CF9}.Win8 Release|x64.Deploy.0 = Release|x64
		{EDF1DDF0-BA55-4536-9B65-0B0AF6F73CF9}.Win8.1 Debug|Win32.ActiveCfg = Debug|Win32
		{EDF1DDF0-BA55-4536-9B65-0B0AF6F73CF9}.Win8.1 Debug|Win32.Build.0 = Debug|Win32
		{EDF1DDF0-BA55-4536-9B65-0B0AF6F73CF9}.Win8.1 Debug|x64.ActiveCfg = Debug|x64
		{EDF1DDF0-BA55-4536-9B65-0B0AF6F73CF9}.Win8.1 Debug|x64.Build.0 = Debug|x64
		{EDF1DDF0-BA55-4536-9B65-0B0AF6F73CF9}.Win8.1 Debug|x64.Deploy.0 = Debug|x64
		{EDF1DDF0-BA55-4536-9B65-0B0AF6F73CF9}.Win8.1 Release|Win32.ActiveCfg = Release|Win32
		{EDF1DDF0-BA55-4536-9B65-0B0AF6F73CF9}.Win8.1 Release|Win32.Build.0 = Release|Win32
		{EDF1DDF0-BA55-4536-9B65-0B0AF6F73CF9}.Win8.1 Release|x64.ActiveCfg = Release|x64
		{EDF1DDF0-BA55-4536-9B65-0B0AF6F73CF9}.Win8.1 Release|x64.Build.0 = Release|x64
		{EDF1DDF0-BA55-4536-9B65-0B0AF6F73CF9}.Win8.1 Release|x64.Deploy.0 = Release|x64
		{A6AEE6EF-F5D6-4946-96DE-AC86CCCCEEBA}.Debug|Win32.ActiveCfg = Debug|Win32
		{A6AEE6EF-F5D6-4946-96DE-AC86CCCCEEBA}.Debug|Win32.Build.0 = Debug|Win32
		{A6AEE6EF-F5D6-4946-96DE-AC86CCCCEEBA}.Debug|x64.ActiveCfg = Debug|x64
		{A6AEE6EF-F5D6-4946-96DE-AC86CCCCEEBA}.Debug|x64.Build.0 = Debug|x64
		{A6AEE6EF-F5D6-4946-96DE-AC86CCCCEEBA}.Release|Win32.ActiveCfg = Release|Win32
		{A6AEE6EF-F5D6-4946-96DE-AC86CCCCEEBA}.Release|Win32.Build.0 = Release|Win32
		{A6AEE6EF-F5D6-4946-96DE-AC86CCCCEEBA}.Release|x64.ActiveCfg = Release|x64
		{A6AEE6EF-F5D6-4946-96DE-AC86CCCCEEBA}.Release|x64.Build.0 = Release|x64
		{A6AEE6EF-F5D6-4946-96DE-AC86CCCCEEBA}.Win7 Debug|Win32.ActiveCfg = Debug|Win32
		{A6AEE6EF-F5D6-4946-96DE-AC86CCCCEEBA}.Win7 Debug|Win32.Build.0 = Debug|Win32
		{A6AEE6EF-F5D6-4946-96DE-AC86CCCCEEBA}.Win7 Debug|x64.ActiveCfg = Debug|x64
		{A6AEE6EF-F5D6-4946-96DE-AC86CCCCEEBA}.Win7 Debug|x64.Build.0 = Debug|x64
		{A6AEE6EF-F5D6-4946-96DE-AC86CCCCEEBA}.Win7 Debug|x64.Deploy.0 = Debug|x64
		{A6AEE6EF-F5D6-4946-96DE-AC86CCCCEEBA}.Win7 Release|Win32.ActiveCfg = Release|Win32
		{A6AEE6EF-F5D6-4946-96DE-AC86CCCCEEBA}.Win7 Release|Win32.Build.0 = Release|Win32
		{A6AEE6EF-F5D6-4946-96DE-AC86CCCCEEBA}.Win7 Release|x64.ActiveCfg = Release|x64
		{A6AEE6EF-F5D6-4946-96DE-AC86CCCCEEBA}.Win7 Release|x64.Build.0 = Release|x64
		{A6AEE6EF-F5D6-4946-96DE-AC86CCCCEEBA}.Win7 Release|x64.Deploy.0 = Release|x64
		{A6AEE6EF-F5D6-4946-96DE-AC86CCCCEEBA}.Win8 Debug|Win32.ActiveCfg = Debug|Win32
		{A6AEE6EF-F5D6-4946-96DE-AC86CCCCEEBA}.Win8 Debug|Win32.Build.0 = Debug|Win32
		{A6AEE6EF-F5D6-4946-96DE-AC86CCCCEEBA}.Win8 Debug|x64.ActiveCfg = Debug|x64
		{A6AEE6EF-F5D6-4946-96DE-AC86CCCCEEBA}.Win8 Debug|x64.Build.0 = Debug|x64
		{A6AEE6EF-F5D6-4946-96DE-AC86CCCCEEBA}.Win8 Debug|x64.Deploy.0 = Debug|x64
		{A6AEE6EF-F5D6-4946-96DE-AC86CCCCEEBA}.Win8 Release|Win32.ActiveCfg = Release|Win32
		{A6AEE6EF-F5D6-4946-96DE-AC86CCCCEEBA}.Win8 Release|Win32.Build.0 = Release|Win32
		{A6AEE6EF-F5D6-4946-96DE-AC86CCCCEEBA}.Win8 Release|x64.ActiveCfg = Release|x64
		{A6AEE6EF-F5D6-4946-96DE-AC86CCCCEEBA}.Win8 Release|x64.Build.0 = Release|x64
		{A6AEE6EF-F5D6-4946-96DE-AC86CCCCEEBA}.Win8 Release|x64.Deploy.0 = Release|x64
		{A6AEE6EF-F5D6-4946-96DE-AC86CCCCEEBA}.Win8.1 Debug|Win32.ActiveCfg = Debug|Win32
		{A6AEE6EF-F5D6-4946-96DE-AC86CCCCEEBA}.Win8.1 Debug|Win32.Build.0 = Debug|Win32
		{A6AEE6EF-F5D6-4946-96DE-AC86CCCCEEBA}.Win8.1 Debug|x64.ActiveCfg = Debug|x64
		{A6AEE6EF-F5D6-4946-96DE-AC86CCCCEEBA}.Win8.1 Debug|x64.Build.0 = Debug|x64
		{A6AEE6EF-F5D6-4946-96DE-AC86CCCCEEBA}.Win8.1 Debug|x64.Deploy.0 = Debug|x64
		{A6AEE6EF-F5D6-4946-96DE-AC86CCCCEEBA}.Win8.1 Release|Win32.ActiveCfg = Release|Win32
		{A6AEE6EF-F5D6-4946-96DE-AC86CCCCEEBA}.Win8.1 Release|Win32.Build.0 = Release|Win32
		{A6AEE6EF-F5D6-4946-96DE-AC86CCCCEEBA}.Win8.1 Release|x64.ActiveCfg = Release|x64
		{A6AEE6EF-F5D6-4946-96DE-AC86CCCCEEBA}.Win8.1 Release|x64.Build.0 = Release|x64
		{A6AEE6EF-F5D6-4946-96DE-AC86CCCCEEBA}.Win8.1 Release|x64.Deploy.0 = Release|x64
		{12DF4807-FBB5-4718-A975-3639BE9C9CCC}.Debug|Win32.ActiveCfg = Debug|Win32
		{12DF4807-FBB5-4718-A975-3639BE9C9CCC}.Debug|Win32.Build.0 = Debug|Win32
		{12DF4807-FBB5-4718-A975-3639BE9C9CCC}.Debug|x64.ActiveCfg = Debug|x64
		{12DF4807-FBB5-4718-A975-3639BE9C9CCC}.Debug|x64.Build.0 = Debug|x64
		{12DF4807-FBB5-4718-A975-3639BE9C9CCC}.Release|Win32.ActiveCfg = Release|Win32
		{12DF4807-FBB5-4718-A975-3639BE9C9CCC}.Release|Win32.Build.0 = Release|Win32
		{12DF4807-FBB5-4718-A975-3639BE9C9CCC}.Release|x64.ActiveCfg = Release|x64
		{12DF4807-FBB5-4718-A975-3639BE9C9CCC}.Release|x64.Build.0 = Release|x64
		{12DF4807-FBB5-4718-A975-3639BE9C9CCC}.Win7 Debug|Win32.ActiveCfg = Debug|Win32
		{12DF4807-FBB5-4718-A975-3639BE9C9CCC}.Win7 Debug|Win32.Build.0 = Debug|Win32
		{12DF4807-FBB5-4718-A975-3639BE9C9CCC}.Win7 Debug|x64.ActiveCfg = Debug|x64
		{12DF4807-FBB5-4718-A975-3639BE9C9CCC}.Win7 Debug|x64.Build.0 = Debug|x64
		{12DF4807-FBB5-4718-A975-3639BE9C9CCC}.Win7 Debug|x64.Deploy.0 = Debug|x64
		{12DF4807-FBB5-4718-A975-3639BE9C9CCC}.Win7 Release|Win32.ActiveCfg = Release|Win32
		{12DF4807-FBB5-4718-A975-3639BE9C9CCC}.Win7 Release|Win32.Build.0 = Release|Win32
		{12DF4807-FBB5-4718-A975-3639BE9C9CCC}.Win7 Release|x64.ActiveCfg = Release|x64
		{12DF4807-FBB5-4718-A975-3639BE9C9CCC}.Win7 Release|x64.Build.0 = Release|x64
		{12DF4807-FBB5-4718-A975-3639BE9C9CCC}.Win7 Release|x64.Deploy.0 = Release|x64
		{12DF4807-FBB5-4718-A975-3639BE9C9CCC}.Win8 Debug|Win32.ActiveCfg = Debug|Win32
		{12DF4807-FBB5-4718-A975-3639BE9C9CCC}.Win8 Debug|Win32.Build.0 = Debug|Win32
		{12DF4807-FBB5-4718-A975-3639BE9C9CCC}.Win8 Debug|x64.ActiveCfg = Debug|x64
		{12DF4807-FBB5-4718-A975-3639BE9C9CCC}.Win8 Debug|x64.Build.0 = Debug|x64
		{12DF4807-FBB5-4718-A975-3639BE9C9CCC}.Win8 Debug|x64.Deploy.0 = Debug|x64
		{12DF4807-FBB5-4718-A975-3639BE9C9CCC}.Win8 Release|Win32.ActiveCfg = Release|Win32
		{12DF4807-FBB5-4718-A975-3639BE9C9CCC}.Win8 Release|Win32.Build.0 = Release|Win32
		{12DF4807-FBB5-4718-A975-3639BE9C9CCC}.Win8 Release|x64.ActiveCfg = Release|x64
		{12DF4807-FBB5-4718-A975-3639BE9C9CCC}.Win8 Release|x64.Build.0 = Release|x64
		{12DF4807-FBB5-4718-A975-3639BE9C9CCC}.Win8 Release|x64.Deploy.0 = Release|x64
		{12DF4807-FBB5-4718-A975-3639BE9C9CCC}.Win8.1 Debug|Win32.ActiveCfg = Debug|Win32
		{12DF4807-FBB5-4718-A975-3639BE9C9CCC}.Win8.1 Debug|Win32.Build.0 = Debug|Win32
		{12DF4807-FBB5-4718-A975-3639BE9C9CCC}.Win8.1 Debug|x64.ActiveCfg = Debug|x64
		{12DF4807-FBB5-4718-A975-3639BE9C9CCC}.Win8.1 Debug|x64.Build.0 = Debug|x64
		{12DF4807-FBB5-4718-A975-3639BE9C9CCC}.Win8.1 Debug|x64.Deploy.0 = Debug|x64
		{12DF4807-FBB5-4718-A975-3639BE9C9CCC}.Win8.1 Release|Win32.ActiveCfg = Release|Win32
		{12DF4807-FBB5-4718-A975-3639BE9C9CCC}.Win8.1 Release|Win32.Build.0 = Release|Win32
		{12DF4807-FBB5-4718-A975-3639BE9C9CCC}.Win8.1 Release|x64.ActiveCfg = Release|x64
		{12DF4807-FBB5-4718-A975-3639BE9C9CCC}.Win8.1 Release|x64.Build.0 = Release|x64
		{12DF4807-FBB5-4718-A975-3639BE9C9CCC}.Win8.1 Release|x64.Deploy.0 = Release|x64
		{50D68976-D7BC-4206-9A41-34504DBEA6C0}.Debug|Win32.ActiveCfg = Debug|x86
		{50D68976-D7BC-4206-9A41-34504DBEA6C0}.Debug|Win32.Build.0 = Debug|x86
		{50D68976-D7BC-4206-9A41-34504DBEA6C0}.Debug|x64.ActiveCfg = Debug|x64
		{50D68976-D7BC-4206-9A41-34504DBEA6C0}.Debug|x64.Build.0 = Debug|x64
		{50D68976-D7BC-4206-9A41-34504DBEA6C0}.Release|Win32.ActiveCfg = Release|x86
		{50D68976-D7BC-4206-9A41-34504DBEA6C0}.Release|Win32.Build.0 = Release|x86
		{50D68976-D7BC-4206-9A41-34504DBEA6C0}.Release|x64.ActiveCfg = Release|x64
		{50D68976-D7BC-4206-9A41-34504DBEA6C0}.Release|x64.Build.0 = Release|x64
		{50D68976-D7BC-4206-9A41-34504DBEA6C0}.Win7 Debug|Win32.ActiveCfg = Debug|x86
		{50D68976-D7BC-4206-9A41-34504DBEA6C0}.Win7 Debug|Win32.Build.0 = Debug|x86
		{50D68976-D7BC-4206-9A41-34504DBEA6C0}.Win7 Debug|x64.ActiveCfg = Debug|x64
		{50D68976-D7BC-4206-9A41-34504DBEA6C0}.Win7 Debug|x64.Build.0 = Debug|x64
		{50D68976-D7BC-4206-9A41-34504DBEA6C0}.Win7 Release|Win32.ActiveCfg = Release|x86
		{50D68976-D7BC-4206-9A41-34504DBEA6C0}.Win7 Release|Win32.Build.0 = Release|x86
		{50D68976-D7BC-4206-9A41-34504DBEA6C0}.Win7 Release|x64.ActiveCfg = Release|x64
		{50D68976-D7BC-4206-9A41-34504DBEA6C0}.Win7 Release|x64.Build.0 = Release|x64
		{50D68976-D7BC-4206-9A41-34504DBEA6C0}.Win8 Debug|Win32.ActiveCfg = Debug|x86
		{50D68976-D7BC-4206-9A41-34504DBEA6C0}.Win8 Debug|Win32.Build.0 = Debug|x86
		{50D68976-D7BC-4206-9A41-34504DBEA6C0}.Win8 Debug|x64.ActiveCfg = Debug|x64
		{50D68976-D7BC-4206-9A41-34504DBEA6C0}.Win8 Debug|x64.Build.0 = Debug|x64
		{50D68976-D7BC-4206-9A41-34504DBEA6C0}.Win8 Release|Win32.ActiveCfg = Release|x86
		{50D68976-D7BC-4206-9A41-34504DBEA6C0}.Win8 Release|Win32.Build.0 = Release|x86
		{50D68976-D7BC-4206-9A41-34504DBEA6C0}.Win8 Release|x64.ActiveCfg = Release|x64
		{50D68976-D7BC-4206-9A41-34504DBEA6C0}.Win8 Release|x64.Build.0 = Release|x64
		{50D68976-D7BC-4206-9A41-34504DBEA6C0}.Win8.1 Debug|Win32.ActiveCfg = Debug|x86
		{50D68976-D7BC-4206-9A41-34504DBEA6C0}.Win8.1 Debug|Win32.Build.0 = Debug|x86
		{50D68976-D7BC-4206-9A41-34504DBEA6C0}.Win8.1 Debug|x64.ActiveCfg = Debug|x64
		{50D68976-D7BC-4206-9A41-34504DBEA6C0}.Win8.1 Debug|x64.Build.0 = Debug|x64
		{50D68976-D7BC-4206-9A41-34504DBEA6C0}.Win8.1 Release|Win32.ActiveCfg = Release|x86
		{50D68976-D7BC-4206-9A41-34504DBEA6C0}.Win8.1 Release|Win32.Build.0 = Release|x86
		{50D68976-D7BC-4206-9A41-34504DBEA6C0}.Win8.1 Release|x64.ActiveCfg = Release|x64
		{50D68976-D7BC-4206-9A41-34504DBEA6C0}.Win8.1 Release|x64.Build.0 = Release|x64
		{0CA26498-791E-4A65-A453-5786329F6B22}.Debug|Win32.ActiveCfg = Win8.1 Debug|Win32
		{0CA26498-791E-4A65-A453-5786329F6B22}.Debug|Win32.Build.0 = Win8.1 Debug|Win32
		{0CA26498-791E-4A65-A453-5786329F6B22}.Debug|x64.ActiveCfg = Win8.1 Debug|x64
		{0CA26498-791E-4A65-A453-5786329F6B22}.Debug|x64.Build.0 = Win8.1 Debug|x64
		{0CA26498-791E-4A65-A453-5786329F6B22}.Debug|x64.Deploy.0 = Win8.1 Debug|x64
		{0CA26498-791E-4A65-A453-5786329F6B22}.Release|Win32.ActiveCfg = Win8.1 Release|Win32
		{0CA26498-791E-4A65-A453-5786329F6B22}.Release|Win32.Build.0 = Win8.1 Release|Win32
		{0CA26498-791E-4A65-A453-5786329F6B22}.Release|x64.ActiveCfg = Win8.1 Release|x64
		{0CA26498-791E-4A65-A453-5786329F6B22}.Release|x64.Build.0 = Win8.1 Release|x64
		{0CA26498-791E-4A65-A453-5786329F6B22}.Release|x64.Deploy.0 = Win8.1 Release|x64
		{0CA26498-791E-4A65-A453-5786329F6B22}.Win7 Debug|Win32.ActiveCfg = Win7 Debug|Win32
		{0CA26498-791E-4A65-A453-5786329F6B22}.Win7 Debug|Win32.Build.0 = Win7 Debug|Win32
		{0CA26498-791E-4A65-A453-5786329F6B22}.Win7 Debug|x64.ActiveCfg = Win7 Debug|x64
		{0CA26498-791E-4A65-A453-5786329F6B22}.Win7 Debug|x64.Build.0 = Win7 Debug|x64
		{0CA26498-791E-4A65-A453-5786329F6B22}.Win7 Debug|x64.Deploy.0 = Win7 Debug|x64
		{0CA26498-791E-4A65-A453-5786329F6B22}.Win7 Release|Win32.ActiveCfg = Win7 Release|Win32
		{0CA26498-791E-4A65-A453-5786329F6B22}.Win7 Release|Win32.Build.0 = Win7 Release|Win32
		{0CA26498-791E-4A65-A453-5786329F6B22}.Win7 Release|x64.ActiveCfg = Win7 Release|x64
		{0CA26498-791E-4A65-A453-5786329F6B22}.Win7 Release|x64.Build.0 = Win7 Release|x64
		{0CA26498-791E-4A65-A453-5786329F6B22}.Win7 Release|x64.Deploy.0 = Win7 Release|x64
		{0CA26498-791E-4A65-A453-5786329F6B22}.Win8 Debug|Win32.ActiveCfg = Win8 Debug|Win32
		{0CA26498-791E-4A65-A453-5786329F6B22}.Win8 Debug|Win32.Build.0 = Win8 Debug|Win32
		{0CA26498-791E-4A65-A453-5786329F6B22}.Win8 Debug|x64.ActiveCfg = Win8 Debug|x64
		{0CA26498-791E-4A65-A453-5786329F6B22}.Win8 Debug|x64.Build.0 = Win8 Debug|x64
		{0CA26498-791E-4A65-A453-5786329F6B22}.Win8 Debug|x64.Deploy.0 = Win8 Debug|x64
		{0CA26498-791E-4A65-A453-5786329F6B22}.Win8 Release|Win32.ActiveCfg = Win8 Release|Win32
		{0CA26498-791E-4A65-A453-5786329F6B22}.Win8 Release|Win32.Build.0 = Win8 Release|Win32
		{0CA26498-791E-4A65-A453-5786329F6B22}.Win8 Release|x64.ActiveCfg = Win8 Release|x64
		{0CA26498-791E-4A65-A453-5786329F6B22}.Win8 Release|x64.Build.0 = Win8 Release|x64
		{0CA26498-791E-4A65-A453-5786329F6B22}.Win8 Release|x64.Deploy.0 = Win8 Release|x64
		{0CA26498-791E-4A65-A453-5786329F6B22}.Win8.1 Debug|Win32.ActiveCfg = Win8.1 Debug|Win32
		{0CA26498-791E-4A65-A453-5786329F6B22}.Win8.1 Debug|Win32.Build.0 = Win8.1 Debug|Win32
		{0CA26498-791E-4A65-A453-5786329F6B22}.Win8.1 Debug|x64.ActiveCfg = Win8.1 Debug|x64
		{0CA26498-791E-4A65-A453-5786329F6B22}.Win8.1 Debug|x64.Build.0 = Win8.1 Debug|x64
		{0CA26498-791E-4A65-A453-5786329F6B22}.Win8.1 Debug|x64.Deploy.0 = Win8.1 Debug|x64
		{0CA26498-791E-4A65-A453-5786329F6B22}.Win8.1 Release|Win32.ActiveCfg = Win8.1 Release|Win32
		{0CA26498-791E-4A65-A453-5786329F6B22}.Win8.1 Release|Win32.Build.0 = Win8.1 Release|Win32
		{0CA26498-791E-4A65-A453-5786329F6B22}.Win8.1 Release|x64.ActiveCfg = Win8.1 Release|x64
		{0CA26498-791E-4A65-A453-5786329F6B22}.Win8.1 Release|x64.Build.0 = Win8.1 Release|x64
		{0CA26498-791E-4A65-A453-5786329F6B22}.Win8.1 Release|x64.Deploy.0 = Win8.1 Release|x64
		{D48182DB-6F88-4AA3-920E-AB21C480F436}.Debug|Win32.ActiveCfg = Win8.1 Debug|Win32
		{D48182DB-6F88-4AA3-920E-AB21C480F436}.Debug|Win32.Build.0 = Win8.1 Debug|Win32
		{D48182DB-6F88-4AA3-920E-AB21C480F436}.Debug|x64.ActiveCfg = Win8.1 Debug|x64
		{D48182DB-6F88-4AA3-920E-AB21C480F436}.Debug|x64.Build.0 = Win8.1 Debug|x64
		{D48182DB-6F88-4AA3-920E-AB21C480F436}.Debug|x64.Deploy.0 = Win8.1 Debug|x64
		{D48182DB-6F88-4AA3-920E-AB21C480F436}.Release|Win32.ActiveCfg = Win8.1 Release|Win32
		{D48182DB-6F88-4AA3-920E-AB21C480F436}.Release|Win32.Build.0 = Win8.1 Release|Win32
		{D48182DB-6F88-4AA3-920E-AB21C480F436}.Release|x64.ActiveCfg = Win8.1 Release|x64
		{D48182DB-6F88-4AA3-920E-AB21C480F436}.Release|x64.Build.0 = Win8.1 Release|x64
		{D48182DB-6F88-4AA3-920E-AB21C480F436}.Release|x64.Deploy.0 = Win8.1 Release|x64
		{D48182DB-6F88-4AA3-920E-AB21C480F436}.Win7 Debug|Win32.ActiveCfg = Win7 Debug|Win32
		{D48182DB-6F88-4AA3-920E-AB21C480F436}.Win7 Debug|Win32.Build.0 = Win7 Debug|Win32
		{D48182DB-6F88-4AA3-920E-AB21C480F436}.Win7 Debug|x64.ActiveCfg = Win7 Debug|x64
		{D48182DB-6F88-4AA3-920E-AB21C480F436}.Win7 Debug|x64.Build.0 = Win7 Debug|x64
		{D48182DB-6F88-4AA3-920E-AB21C480F436}.Win7 Debug|x64.Deploy.0 = Win7 Debug|x64
		{D48182DB-6F88-4AA3-920E-AB21C480F436}.Win7 Release|Win32.ActiveCfg = Win7 Release|Win32
		{D48182DB-6F88-4AA3-920E-AB21C480F436}.Win7 Release|Win32.Build.0 = Win7 Release|Win32
		{D48182DB-6F88-4AA3-920E-AB21C480F436}.Win7 Release|x64.ActiveCfg = Win7 Release|x64
		{D48182DB-6F88-4AA3-920E-AB21C480F436}.Win7 Release|x64.Build.0 = Win7 Release|x64
		{D48182DB-6F88-4AA3-920E-AB21C480F436}.Win7 Release|x64.Deploy.0 = Win7 Release|x64
		{D48182DB-6F88-4AA3-920E-AB21C480F436}.Win8 Debug|Win32.ActiveCfg = Win8 Debug|Win32
		{D48182DB-6F88-4AA3-920E-AB21C480F436}.Win8 Debug|Win32.Build.0 = Win8 Debug|Win32
		{D48182DB-6F88-4AA3-920E-AB21C480F436}.Win8 Debug|x64.ActiveCfg = Win8 Debug|x64
		{D48182DB-6F88-4AA3-920E-AB21C480F436}.Win8 Debug|x64.Build.0 = Win8 Debug|x64
		{D48182DB-6F88-4AA3-920E-AB21C480F436}.Win8 Debug|x64.Deploy.0 = Win8 Debug|x64
		{D48182DB-6F88-4AA3-920E-AB21C480F436}.Win8 Release|Win32.ActiveCfg = Win8 Release|Win32
		{D48182DB-6F88-4AA3-920E-AB21C480F436}.Win8 Release|Win32.Build.0 = Win8 Release|Win32
		{D48182DB-6F88-4AA3-920E-AB21C480F436}.Win8 Release|x64.ActiveCfg = Win8 Release|x64
		{D48182DB-6F88-4AA3-920E-AB21C480F436}.Win8 Release|x64.Build.0 = Win8 Release|x64
		{D48182DB-6F88-4AA3-920E-AB21C480F436}.Win8 Release|x64.Deploy.0 = Win8 Release|x64
		{D48182DB-6F88-4AA3-920E-AB21C480F436}.Win8.1 Debug|Win32.ActiveCfg = Win8.1 Debug|Win32
		{D48182DB-6F88-4AA3-920E-AB21C480F436}.Win8.1 Debug|Win32.Build.0 = Win8.1 Debug|Win32
		{D48182DB-6F88-4AA3-920E-AB21C480F436}.Win8.1 Debug|x64.ActiveCfg = Win8.1 Debug|x64
		{D48182DB-6F88-4AA3-920E-AB21C480F436}.Win8.1 Debug|x64.Build.0 = Win8.1 Debug|x64
		{D48182DB-6F88-4AA3-920E-AB21C480F436}.Win8.1 Debug|x64.Deploy.0 = Win8.1 Debug|x64
		{D48182DB-6F88-4AA3-920E-AB21C480F436}.Win8.1 Release|Win32.ActiveCfg = Win8.1 Release|Win32
		{D48182DB-6F88-4AA3-920E-AB21C480F436}.Win8.1 Release|Win32.Build.0 = Win8.1 Release|Win32
		{D48182DB-6F88-4AA3-920E-AB21C480F436}.Win8.1 Release|x64.ActiveCfg = Win8.1 Release|x64
		{D48182DB-6F88-4AA3-920E-AB21C480F436}.Win8.1 Release|x64.Build.0 = Win8.1 Release|x64
		{D48182DB-6F88-4AA3-920E-AB21C480F436}.Win8.1 Release|x64.Deploy.0 = Win8.1 Release|x64
	EndGlobalSection
	GlobalSection(SolutionProperties) = preSolution
		HideSolutionNode = FALSE
	EndGlobalSection
	GlobalSection(NestedProjects) = preSolution
		{0CA26498-791E-4A65-A453-5786329F6B22} = {0E04B6E8-FBB7-4EAD-9769-DDEE881A10B3}
		{D48182DB-6F88-4AA3-920E-AB21C480F436} = {0E04B6E8-FBB7-4EAD-9769-DDEE881A10B3}
	EndGlobalSection
	GlobalSection(ExtensibilityGlobals) = postSolution
		SolutionGuid = {299BE2F0-1F23-4B40-91C9-A6156A985947}
	EndGlobalSection
	GlobalSection(PowerDesigner) = preSolution
		HasSWS = 1
	EndGlobalSection
EndGlobal
