
Microsoft Visual Studio Solution File, Format Version 12.00
# Visual Studio 15
VisualStudioVersion = 15.0.26228.10
MinimumVisualStudioVersion = 10.0.40219.1
Project("{8BC9CEB8-8B4A-11D0-8D11-00A0C91BC942}") = "Crypto", "Crypto\Crypto.vcxproj", "{6A5B3C7A-3E0A-4C3B-B099-2781172A022C}"
EndProject
Project("{8BC9CEB8-8B4A-11D0-8D11-00A0C91BC942}") = "CryptoLibTest", "CryptoLibTest\CryptoLibTest.vcxproj", "{5CE4BF41-F6F0-47D7-A0BF-260D019B0BF2}"
	ProjectSection(ProjectDependencies) = postProject
		{6A5B3C7A-3E0A-4C3B-B099-2781172A022C} = {6A5B3C7A-3E0A-4C3B-B099-2781172A022C}
	EndProjectSection
EndProject
Global
	GlobalSection(SolutionConfigurationPlatforms) = preSolution
		Debug|x64 = Debug|x64
		Debug|x86 = Debug|x86
		Release|x64 = Release|x64
		Release|x86 = Release|x86
	EndGlobalSection
	GlobalSection(ProjectConfigurationPlatforms) = postSolution
		{6A5B3C7A-3E0A-4C3B-B099-2781172A022C}.Debug|x64.ActiveCfg = Debug|x64
		{6A5B3C7A-3E0A-4C3B-B099-2781172A022C}.Debug|x64.Build.0 = Debug|x64
		{6A5B3C7A-3E0A-4C3B-B099-2781172A022C}.Debug|x86.ActiveCfg = Debug|Win32
		{6A5B3C7A-3E0A-4C3B-B099-2781172A022C}.Debug|x86.Build.0 = Debug|Win32
		{6A5B3C7A-3E0A-4C3B-B099-2781172A022C}.Release|x64.ActiveCfg = Release|x64
		{6A5B3C7A-3E0A-4C3B-B099-2781172A022C}.Release|x64.Build.0 = Release|x64
		{6A5B3C7A-3E0A-4C3B-B099-2781172A022C}.Release|x86.ActiveCfg = Release|Win32
		{6A5B3C7A-3E0A-4C3B-B099-2781172A022C}.Release|x86.Build.0 = Release|Win32
		{5CE4BF41-F6F0-47D7-A0BF-260D019B0BF2}.Debug|x64.ActiveCfg = Debug|x64
		{5CE4BF41-F6F0-47D7-A0BF-260D019B0BF2}.Debug|x64.Build.0 = Debug|x64
		{5CE4BF41-F6F0-47D7-A0BF-260D019B0BF2}.Debug|x86.ActiveCfg = Debug|Win32
		{5CE4BF41-F6F0-47D7-A0BF-260D019B0BF2}.Debug|x86.Build.0 = Debug|Win32
		{5CE4BF41-F6F0-47D7-A0BF-260D019B0BF2}.Release|x64.ActiveCfg = Release|x64
		{5CE4BF41-F6F0-47D7-A0BF-260D019B0BF2}.Release|x64.Build.0 = Release|x64
		{5CE4BF41-F6F0-47D7-A0BF-260D019B0BF2}.Release|x86.ActiveCfg = Release|Win32
		{5CE4BF41-F6F0-47D7-A0BF-260D019B0BF2}.Release|x86.Build.0 = Release|Win32
	EndGlobalSection
	GlobalSection(SolutionProperties) = preSolution
		HideSolutionNode = FALSE
	EndGlobalSection
EndGlobal
